# This file was autogenerated by Stack.
# You should not edit this file by hand.
# For more information, please see the documentation at:
#   https://docs.haskellstack.org/en/stable/lock_files

packages:
- completed:
    hackage: haxr-3000.11.3.1@sha256:83b3de269664a57e3aa5fda58bd7fee242d8d2dcc6296d823de34e128ee988a5,2517
    pantry-tree:
      size: 1621
      sha256: 740028277cea56f76cbaeed57aa20b2beb355bca4637cf1d9a7e30f29552959c
  original:
    hackage: haxr-3000.11.3.1@sha256:83b3de269664a57e3aa5fda58bd7fee242d8d2dcc6296d823de34e128ee988a5,2517
- completed:
    hackage: HaXml-1.25.5@sha256:4f8534cda290b3d0a76b4ca5c4b9aa20902dcf029ddd50998d07c5dd608ad6f6,4420
    pantry-tree:
      size: 4076
      sha256: 9682020b148433c41f5efee327b66708875015df8d4b3d48f875ac21f8222e1b
  original:
    hackage: HaXml-1.25.5@sha256:4f8534cda290b3d0a76b4ca5c4b9aa20902dcf029ddd50998d07c5dd608ad6f6,4420
snapshots:
- completed:
    size: 524154
    url: https://raw.githubusercontent.com/commercialhaskell/stackage-snapshots/master/lts/14/20.yaml
    sha256: 2f5099f69ddb6abfe64400fe1e6a604e8e628f55e6837211cd70a81eb0a8fa4d
  original: lts-14.20
